// !$*UTF8*$!
{
	archiveVersion = 1;
	classes = {
	};
	objectVersion = 46;
	objects = {

/* Begin PBXBuildFile section */
		90E864B21F9E9C4700A57E98 /* AppDelegate.swift in Sources */ = {isa = PBXBuildFile; fileRef = 90E864B11F9E9C4700A57E98 /* AppDelegate.swift */; };
		90E864B41F9E9C4700A57E98 /* ViewController.swift in Sources */ = {isa = PBXBuildFile; fileRef = 90E864B31F9E9C4700A57E98 /* ViewController.swift */; };
		90E864B71F9E9C4700A57E98 /* Main.storyboard in Resources */ = {isa = PBXBuildFile; fileRef = 90E864B51F9E9C4700A57E98 /* Main.storyboard */; };
		90E864BA1F9E9C4700A57E98 /* PreferenceDefaults.xcdatamodeld in Sources */ = {isa = PBXBuildFile; fileRef = 90E864B81F9E9C4700A57E98 /* PreferenceDefaults.xcdatamodeld */; };
		90E864BC1F9E9C4700A57E98 /* Assets.xcassets in Resources */ = {isa = PBXBuildFile; fileRef = 90E864BB1F9E9C4700A57E98 /* Assets.xcassets */; };
		90E864BF1F9E9C4700A57E98 /* LaunchScreen.storyboard in Resources */ = {isa = PBXBuildFile; fileRef = 90E864BD1F9E9C4700A57E98 /* LaunchScreen.storyboard */; };
/* End PBXBuildFile section */

/* Begin PBXFileReference section */
		90E864AE1F9E9C4700A57E98 /* PreferenceDefaults.app */ = {isa = PBXFileReference; explicitFileType = wrapper.application; includeInIndex = 0; path = PreferenceDefaults.app; sourceTree = BUILT_PRODUCTS_DIR; };
		90E864B11F9E9C4700A57E98 /* AppDelegate.swift */ = {isa = PBXFileReference; lastKnownFileType = sourcecode.swift; path = AppDelegate.swift; sourceTree = "<group>"; };
		90E864B31F9E9C4700A57E98 /* ViewController.swift */ = {isa = PBXFileReference; lastKnownFileType = sourcecode.swift; path = ViewController.swift; sourceTree = "<group>"; };
		90E864B61F9E9C4700A57E98 /* Base */ = {isa = PBXFileReference; lastKnownFileType = file.storyboard; name = Base; path = Base.lproj/Main.storyboard; sourceTree = "<group>"; };
		90E864B91F9E9C4700A57E98 /* PreferenceDefaults.xcdatamodel */ = {isa = PBXFileReference; lastKnownFileType = wrapper.xcdatamodel; path = PreferenceDefaults.xcdatamodel; sourceTree = "<group>"; };
		90E864BB1F9E9C4700A57E98 /* Assets.xcassets */ = {isa = PBXFileReference; lastKnownFileType = folder.assetcatalog; path = Assets.xcassets; sourceTree = "<group>"; };
		90E864BE1F9E9C4700A57E98 /* Base */ = {isa = PBXFileReference; lastKnownFileType = file.storyboard; name = Base; path = Base.lproj/LaunchScreen.storyboard; sourceTree = "<group>"; };
		90E864C01F9E9C4700A57E98 /* Info.plist */ = {isa = PBXFileReference; lastKnownFileType = text.plist.xml; path = Info.plist; sourceTree = "<group>"; };
/* End PBXFileReference section */

/* Begin PBXFrameworksBuildPhase section */
		90E864AB1F9E9C4700A57E98 /* Frameworks */ = {
			isa = PBXFrameworksBuildPhase;
			buildActionMask = 2147483647;
			files = (
			);
			runOnlyForDeploymentPostprocessing = 0;
		};
/* End PBXFrameworksBuildPhase section */

/* Begin PBXGroup section */
		90E864A51F9E9C4700A57E98 = {
			isa = PBXGroup;
			children = (
				90E864B01F9E9C4700A57E98 /* PreferenceDefaults */,
				90E864AF1F9E9C4700A57E98 /* Products */,
			);
			sourceTree = "<group>";
		};
		90E864AF1F9E9C4700A57E98 /* Products */ = {
			isa = PBXGroup;
			children = (
				90E864AE1F9E9C4700A57E98 /* PreferenceDefaults.app */,
			);
			name = Products;
			sourceTree = "<group>";
		};
		90E864B01F9E9C4700A57E98 /* PreferenceDefaults */ = {
			isa = PBXGroup;
			children = (
				90E864B11F9E9C4700A57E98 /* AppDelegate.swift */,
				90E864B31F9E9C4700A57E98 /* ViewController.swift */,
				90E864B51F9E9C4700A57E98 /* Main.storyboard */,
				90E864BB1F9E9C4700A57E98 /* Assets.xcassets */,
				90E864BD1F9E9C4700A57E98 /* LaunchScreen.storyboard */,
				90E864C01F9E9C4700A57E98 /* Info.plist */,
				90E864B81F9E9C4700A57E98 /* PreferenceDefaults.xcdatamodeld */,
			);
			path = PreferenceDefaults;
			sourceTree = "<group>";
		};
/* End PBXGroup section */

/* Begin PBXNativeTarget section */
		90E864AD1F9E9C4700A57E98 /* PreferenceDefaults */ = {
			isa = PBXNativeTarget;
			buildConfigurationList = 90E864C31F9E9C4700A57E98 /* Build configuration list for PBXNativeTarget "PreferenceDefaults" */;
			buildPhases = (
				90E864AA1F9E9C4700A57E98 /* Sources */,
				90E864AB1F9E9C4700A57E98 /* Frameworks */,
				90E864AC1F9E9C4700A57E98 /* Resources */,
			);
			buildRules = (
			);
			dependencies = (
			);
			name = PreferenceDefaults;
			productName = PreferenceDefaults;
			productReference = 90E864AE1F9E9C4700A57E98 /* PreferenceDefaults.app */;
			productType = "com.apple.product-type.application";
		};
/* End PBXNativeTarget section */

/* Begin PBXProject section */
		90E864A61F9E9C4700A57E98 /* Project object */ = {
			isa = PBXProject;
			attributes = {
				LastSwiftUpdateCheck = 0830;
				LastUpgradeCheck = 0830;
				ORGANIZATIONNAME = "Rock Valley College";
				TargetAttributes = {
					90E864AD1F9E9C4700A57E98 = {
						CreatedOnToolsVersion = 8.3.2;
						ProvisioningStyle = Automatic;
					};
				};
			};
			buildConfigurationList = 90E864A91F9E9C4700A57E98 /* Build configuration list for PBXProject "PreferenceDefaults" */;
			compatibilityVersion = "Xcode 3.2";
			developmentRegion = English;
			hasScannedForEncodings = 0;
			knownRegions = (
				en,
				Base,
			);
			mainGroup = 90E864A51F9E9C4700A57E98;
			productRefGroup = 90E864AF1F9E9C4700A57E98 /* Products */;
			projectDirPath = "";
			projectRoot = "";
			targets = (
				90E864AD1F9E9C4700A57E98 /* PreferenceDefaults */,
			);
		};
/* End PBXProject section */

/* Begin PBXResourcesBuildPhase section */
		90E864AC1F9E9C4700A57E98 /* Resources */ = {
			isa = PBXResourcesBuildPhase;
			buildActionMask = 2147483647;
			files = (
				90E864BF1F9E9C4700A57E98 /* LaunchScreen.storyboard in Resources */,
				90E864BC1F9E9C4700A57E98 /* Assets.xcassets in Resources */,
				90E864B71F9E9C4700A57E98 /* Main.storyboard in Resources */,
			);
			runOnlyForDeploymentPostprocessing = 0;
		};
/* End PBXResourcesBuildPhase section */

/* Begin PBXSourcesBuildPhase section */
		90E864AA1F9E9C4700A57E98 /* Sources */ = {
			isa = PBXSourcesBuildPhase;
			buildActionMask = 2147483647;
			files = (
				90E864BA1F9E9C4700A57E98 /* PreferenceDefaults.xcdatamodeld in Sources */,
				90E864B41F9E9C4700A57E98 /* ViewController.swift in Sources */,
				90E864B21F9E9C4700A57E98 /* AppDelegate.swift in Sources */,
			);
			runOnlyForDeploymentPostprocessing = 0;
		};
/* End PBXSourcesBuildPhase section */

/* Begin PBXVariantGroup section */
		90E864B51F9E9C4700A57E98 /* Main.storyboard */ = {
			isa = PBXVariantGroup;
			children = (
				90E864B61F9E9C4700A57E98 /* Base */,
			);
			name = Main.storyboard;
			sourceTree = "<group>";
		};
		90E864BD1F9E9C4700A57E98 /* LaunchScreen.storyboard */ = {
			isa = PBXVariantGroup;
			children = (
				90E864BE1F9E9C4700A57E98 /* Base */,
			);
			name = LaunchScreen.storyboard;
			sourceTree = "<group>";
		};
/* End PBXVariantGroup section */

/* Begin XCBuildConfiguration section */
		90E864C11F9E9C4700A57E98 /* Debug */ = {
			isa = XCBuildConfiguration;
			buildSettings = {
				ALWAYS_SEARCH_USER_PATHS = NO;
				CLANG_ANALYZER_NONNULL = YES;
				CLANG_ANALYZER_NUMBER_OBJECT_CONVERSION = YES_AGGRESSIVE;
				CLANG_CXX_LANGUAGE_STANDARD = "gnu++0x";
				CLANG_CXX_LIBRARY = "libc++";
				CLANG_ENABLE_MODULES = YES;
				CLANG_ENABLE_OBJC_ARC = YES;
				CLANG_WARN_BOOL_CONVERSION = YES;
				CLANG_WARN_CONSTANT_CONVERSION = YES;
				CLANG_WARN_DIRECT_OBJC_ISA_USAGE = YES_ERROR;
				CLANG_WARN_DOCUMENTATION_COMMENTS = YES;
				CLANG_WARN_EMPTY_BODY = YES;
				CLANG_WARN_ENUM_CONVERSION = YES;
				CLANG_WARN_INFINITE_RECURSION = YES;
				CLANG_WARN_INT_CONVERSION = YES;
				CLANG_WARN_OBJC_ROOT_CLASS = YES_ERROR;
				CLANG_WARN_SUSPICIOUS_MOVE = YES;
				CLANG_WARN_UNREACHABLE_CODE = YES;
				CLANG_WARN__DUPLICATE_METHOD_MATCH = YES;
				"CODE_SIGN_IDENTITY[sdk=iphoneos*]" = "iPhone Developer";
				COPY_PHASE_STRIP = NO;
				DEBUG_INFORMATION_FORMAT = dwarf;
				ENABLE_STRICT_OBJC_MSGSEND = YES;
				ENABLE_TESTABILITY = YES;
				GCC_C_LANGUAGE_STANDARD = gnu99;
				GCC_DYNAMIC_NO_PIC = NO;
				GCC_NO_COMMON_BLOCKS = YES;
				GCC_OPTIMIZATION_LEVEL = 0;
				GCC_PREPROCESSOR_DEFINITIONS = (
					"DEBUG=1",
					"$(inherited)",
				);
				GCC_WARN_64_TO_32_BIT_CONVERSION = YES;
				GCC_WARN_ABOUT_RETURN_TYPE = YES_ERROR;
				GCC_WARN_UNDECLARED_SELECTOR = YES;
				GCC_WARN_UNINITIALIZED_AUTOS = YES_AGGRESSIVE;
				GCC_WARN_UNUSED_FUNCTION = YES;
				GCC_WARN_UNUSED_VARIABLE = YES;
				IPHONEOS_DEPLOYMENT_TARGET = 10.3;
				MTL_ENABLE_DEBUG_INFO = YES;
				ONLY_ACTIVE_ARCH = YES;
				SDKROOT = iphoneos;
				SWIFT_ACTIVE_COMPILATION_CONDITIONS = DEBUG;
				SWIFT_OPTIMIZATION_LEVEL = "-Onone";
				TARGETED_DEVICE_FAMILY = "1,2";
			};
			name = Debug;
		};
		90E864C21F9E9C4700A57E98 /* Release */ = {
			isa = XCBuildConfiguration;
			buildSettings = {
				ALWAYS_SEARCH_USER_PATHS = NO;
				CLANG_ANALYZER_NONNULL = YES;
				CLANG_ANALYZER_NUMBER_OBJECT_CONVERSION = YES_AGGRESSIVE;
				CLANG_CXX_LANGUAGE_STANDARD = "gnu++0x";
				CLANG_CXX_LIBRARY = "libc++";
				CLANG_ENABLE_MODULES = YES;
				CLANG_ENABLE_OBJC_ARC = YES;
				CLANG_WARN_BOOL_CONVERSION = YES;
				CLANG_WARN_CONSTANT_CONVERSION = YES;
				CLANG_WARN_DIRECT_OBJC_ISA_USAGE = YES_ERROR;
				CLANG_WARN_DOCUMENTATION_COMMENTS = YES;
				CLANG_WARN_EMPTY_BODY = YES;
				CLANG_WARN_ENUM_CONVERSION = YES;
				CLANG_WARN_INFINITE_RECURSION = YES;
				CLANG_WARN_INT_CONVERSION = YES;
				CLANG_WARN_OBJC_ROOT_CLASS = YES_ERROR;
				CLANG_WARN_SUSPICIOUS_MOVE = YES;
				CLANG_WARN_UNREACHABLE_CODE = YES;
				CLANG_WARN__DUPLICATE_METHOD_MATCH = YES;
				"CODE_SIGN_IDENTITY[sdk=iphoneos*]" = "iPhone Developer";
				COPY_PHASE_STRIP = NO;
				DEBUG_INFORMATION_FORMAT = "dwarf-with-dsym";
				ENABLE_NS_ASSERTIONS = NO;
				ENABLE_STRICT_OBJC_MSGSEND = YES;
				GCC_C_LANGUAGE_STANDARD = gnu99;
				GCC_NO_COMMON_BLOCKS = YES;
				GCC_WARN_64_TO_32_BIT_CONVERSION = YES;
				GCC_WARN_ABOUT_RETURN_TYPE = YES_ERROR;
				GCC_WARN_UNDECLARED_SELECTOR = YES;
				GCC_WARN_UNINITIALIZED_AUTOS = YES_AGGRESSIVE;
				GCC_WARN_UNUSED_FUNCTION = YES;
				GCC_WARN_UNUSED_VARIABLE = YES;
				IPHONEOS_DEPLOYMENT_TARGET = 10.3;
				MTL_ENABLE_DEBUG_INFO = NO;
				SDKROOT = iphoneos;
				SWIFT_OPTIMIZATION_LEVEL = "-Owholemodule";
				TARGETED_DEVICE_FAMILY = "1,2";
				VALIDATE_PRODUCT = YES;
			};
			name = Release;
		};
		90E864C41F9E9C4700A57E98 /* Debug */ = {
			isa = XCBuildConfiguration;
			buildSettings = {
				ASSETCATALOG_COMPILER_APPICON_NAME = AppIcon;
				INFOPLIST_FILE = PreferenceDefaults/Info.plist;
				LD_RUNPATH_SEARCH_PATHS = "$(inherited) @executable_path/Frameworks";
				PRODUCT_BUNDLE_IDENTIFIER = edu.RockValleyCollege.PreferenceDefaults;
				PRODUCT_NAME = "$(TARGET_NAME)";
				SWIFT_VERSION = 3.0;
			};
			name = Debug;
		};
		90E864C51F9E9C4700A57E98 /* Release */ = {
			isa = XCBuildConfiguration;
			buildSettings = {
				ASSETCATALOG_COMPILER_APPICON_NAME = AppIcon;
				INFOPLIST_FILE = PreferenceDefaults/Info.plist;
				LD_RUNPATH_SEARCH_PATHS = "$(inherited) @executable_path/Frameworks";
				PRODUCT_BUNDLE_IDENTIFIER = edu.RockValleyCollege.PreferenceDefaults;
				PRODUCT_NAME = "$(TARGET_NAME)";
				SWIFT_VERSION = 3.0;
			};
			name = Release;
		};
/* End XCBuildConfiguration section */

/* Begin XCConfigurationList section */
		90E864A91F9E9C4700A57E98 /* Build configuration list for PBXProject "PreferenceDefaults" */ = {
			isa = XCConfigurationList;
			buildConfigurations = (
				90E864C11F9E9C4700A57E98 /* Debug */,
				90E864C21F9E9C4700A57E98 /* Release */,
			);
			defaultConfigurationIsVisible = 0;
			defaultConfigurationName = Release;
		};
		90E864C31F9E9C4700A57E98 /* Build configuration list for PBXNativeTarget "PreferenceDefaults" */ = {
			isa = XCConfigurationList;
			buildConfigurations = (
				90E864C41F9E9C4700A57E98 /* Debug */,
				90E864C51F9E9C4700A57E98 /* Release */,
			);
			defaultConfigurationIsVisible = 0;
		};
/* End XCConfigurationList section */

/* Begin XCVersionGroup section */
		90E864B81F9E9C4700A57E98 /* PreferenceDefaults.xcdatamodeld */ = {
			isa = XCVersionGroup;
			children = (
				90E864B91F9E9C4700A57E98 /* PreferenceDefaults.xcdatamodel */,
			);
			currentVersion = 90E864B91F9E9C4700A57E98 /* PreferenceDefaults.xcdatamodel */;
			path = PreferenceDefaults.xcdatamodeld;
			sourceTree = "<group>";
			versionGroupType = wrapper.xcdatamodel;
		};
/* End XCVersionGroup section */
	};
	rootObject = 90E864A61F9E9C4700A57E98 /* Project object */;
}
